
Microsoft Visual Studio Solution File, Format Version 12.00
# Visual Studio Version 16
VisualStudioVersion = 16.0.29215.179
MinimumVisualStudioVersion = 10.0.40219.1
Project("{FAE04EC0-301F-11D3-BF4B-00C04F79EFBC}") = "patterns", "patterns.csproj", "{2C1C276B-21B4-434B-B5F5-17768ECB1231}"
EndProject
Global
	GlobalSection(SolutionConfigurationPlatforms) = preSolution
		Debug|Any CPU = Debug|Any CPU
		Release|Any CPU = Release|Any CPU
	EndGlobalSection
	GlobalSection(ProjectConfigurationPlatforms) = postSolution
		{2C1C276B-21B4-434B-B5F5-17768ECB1231}.Debug|Any CPU.ActiveCfg = Debug|Any CPU
		{2C1C276B-21B4-434B-B5F5-17768ECB1231}.Debug|Any CPU.Build.0 = Debug|Any CPU
		{2C1C276B-21B4-434B-B5F5-17768ECB1231}.Release|Any CPU.ActiveCfg = Release|Any CPU
		{2C1C276B-21B4-434B-B5F5-17768ECB1231}.Release|Any CPU.Build.0 = Release|Any CPU
	EndGlobalSection
	GlobalSection(SolutionProperties) = preSolution
		HideSolutionNode = FALSE
	EndGlobalSection
	GlobalSection(ExtensibilityGlobals) = postSolution
		SolutionGuid = {F0508BA0-5220-4FE3-BE32-A934A0D31BE4}
	EndGlobalSection
EndGlobal
